// !$*UTF8*$!
{
	archiveVersion = 1;
	classes = {
	};
	objectVersion = 46;
	objects = {

/* Begin PBXBuildFile section */
		17CD60DE20F75C5B7ED6EEA4 /* Pods.framework in Frameworks */ = {isa = PBXBuildFile; fileRef = 62998B2B82DAC9F0B8DB34DA /* Pods.framework */; settings = {ATTRIBUTES = (Weak, ); }; };
		400205A21B2F2CDE00D21CA0 /* NewProductCollectionViewCell.swift in Sources */ = {isa = PBXBuildFile; fileRef = 400205A01B2F2CDE00D21CA0 /* NewProductCollectionViewCell.swift */; };
		400205A31B2F2CDE00D21CA0 /* NewProductCollectionViewCell.xib in Resources */ = {isa = PBXBuildFile; fileRef = 400205A11B2F2CDE00D21CA0 /* NewProductCollectionViewCell.xib */; };
		40045ACC1B31D309005E9B43 /* FilterViewController.swift in Sources */ = {isa = PBXBuildFile; fileRef = 40045ACB1B31D309005E9B43 /* FilterViewController.swift */; };
		400E14031AF232F2003AD486 /* ProductTableViewCell.swift in Sources */ = {isa = PBXBuildFile; fileRef = 400E14021AF232F2003AD486 /* ProductTableViewCell.swift */; };
		400E14061AF23570003AD486 /* Product.swift in Sources */ = {isa = PBXBuildFile; fileRef = 400E14051AF23570003AD486 /* Product.swift */; };
		4019186A1B34B38A00674275 /* libicucore.dylib in Frameworks */ = {isa = PBXBuildFile; fileRef = 401918691B34B38A00674275 /* libicucore.dylib */; };
		4019186C1B34B39300674275 /* CFNetwork.framework in Frameworks */ = {isa = PBXBuildFile; fileRef = 4019186B1B34B39300674275 /* CFNetwork.framework */; };
		4019186E1B34B39A00674275 /* Security.framework in Frameworks */ = {isa = PBXBuildFile; fileRef = 4019186D1B34B39A00674275 /* Security.framework */; };
		401918701B34B3A800674275 /* SystemConfiguration.framework in Frameworks */ = {isa = PBXBuildFile; fileRef = 4019186F1B34B3A800674275 /* SystemConfiguration.framework */; };
		401DFDE91B49D98500861CC1 /* RecommendationItemsCollectionViewController.swift in Sources */ = {isa = PBXBuildFile; fileRef = 401DFDE81B49D98500861CC1 /* RecommendationItemsCollectionViewController.swift */; };
		401DFDEC1B49EADB00861CC1 /* RecommendationItemCollectionViewCell.swift in Sources */ = {isa = PBXBuildFile; fileRef = 401DFDEA1B49EADB00861CC1 /* RecommendationItemCollectionViewCell.swift */; };
		401DFDED1B49EADB00861CC1 /* RecommendationItemCollectionViewCell.xib in Resources */ = {isa = PBXBuildFile; fileRef = 401DFDEB1B49EADB00861CC1 /* RecommendationItemCollectionViewCell.xib */; };
		401DFDEF1B4A7F9600861CC1 /* RecommendationItem.swift in Sources */ = {isa = PBXBuildFile; fileRef = 401DFDEE1B4A7F9600861CC1 /* RecommendationItem.swift */; };
		401DFDF11B4A8ABB00861CC1 /* Recommendation.swift in Sources */ = {isa = PBXBuildFile; fileRef = 401DFDF01B4A8ABB00861CC1 /* Recommendation.swift */; };
		401DFDF51B4C12E700861CC1 /* Fabric.framework in Frameworks */ = {isa = PBXBuildFile; fileRef = 401DFDF31B4C12E700861CC1 /* Fabric.framework */; };
		401DFDF61B4C12E700861CC1 /* Crashlytics.framework in Frameworks */ = {isa = PBXBuildFile; fileRef = 401DFDF41B4C12E700861CC1 /* Crashlytics.framework */; };
		401DFDF81B4C26D500861CC1 /* OnboardingViewController.swift in Sources */ = {isa = PBXBuildFile; fileRef = 401DFDF71B4C26D500861CC1 /* OnboardingViewController.swift */; };
		403921321B46C7D6004114EE /* RecommendationsViewController.swift in Sources */ = {isa = PBXBuildFile; fileRef = 403921311B46C7D6004114EE /* RecommendationsViewController.swift */; };
		403921351B46CA5D004114EE /* RecommendationCollectionViewCell.swift in Sources */ = {isa = PBXBuildFile; fileRef = 403921331B46CA5D004114EE /* RecommendationCollectionViewCell.swift */; };
		403921361B46CA5D004114EE /* RecommendationCollectionViewCell.xib in Resources */ = {isa = PBXBuildFile; fileRef = 403921341B46CA5D004114EE /* RecommendationCollectionViewCell.xib */; };
		403C98801B3ED93200998523 /* BasketViewController.swift in Sources */ = {isa = PBXBuildFile; fileRef = 403C987F1B3ED93200998523 /* BasketViewController.swift */; };
		40401BB21B3EE58F005C75DA /* ProductBasketViewController.swift in Sources */ = {isa = PBXBuildFile; fileRef = 40401BB11B3EE58F005C75DA /* ProductBasketViewController.swift */; };
		40401BB41B415666005C75DA /* ManhattanDarling-Regular.ttf in Resources */ = {isa = PBXBuildFile; fileRef = 40401BB31B415666005C75DA /* ManhattanDarling-Regular.ttf */; };
		40401BB61B415671005C75DA /* ManhattanDarlingExtras.ttf in Resources */ = {isa = PBXBuildFile; fileRef = 40401BB51B415671005C75DA /* ManhattanDarlingExtras.ttf */; };
		405AD36C1AF91E9600B0AF17 /* ProductDetailViewController.swift in Sources */ = {isa = PBXBuildFile; fileRef = 405AD36B1AF91E9600B0AF17 /* ProductDetailViewController.swift */; };
		406D0E221B7BD48500010D6F /* StartOnboardingViewController.swift in Sources */ = {isa = PBXBuildFile; fileRef = 406D0E211B7BD48500010D6F /* StartOnboardingViewController.swift */; };
		40828C391B66CE7F005CDDFD /* BrandsCollectionViewController.swift in Sources */ = {isa = PBXBuildFile; fileRef = 40828C381B66CE7F005CDDFD /* BrandsCollectionViewController.swift */; };
		40828C7E1B684052005CDDFD /* BrandCollectionViewCell.swift in Sources */ = {isa = PBXBuildFile; fileRef = 40828C7C1B684052005CDDFD /* BrandCollectionViewCell.swift */; };
		40828C7F1B684052005CDDFD /* BrandCollectionViewCell.xib in Resources */ = {isa = PBXBuildFile; fileRef = 40828C7D1B684052005CDDFD /* BrandCollectionViewCell.xib */; };
		40828C821B687338005CDDFD /* LookCollectionViewCell.swift in Sources */ = {isa = PBXBuildFile; fileRef = 40828C801B687338005CDDFD /* LookCollectionViewCell.swift */; };
		40828C831B687338005CDDFD /* LookCollectionViewCell.xib in Resources */ = {isa = PBXBuildFile; fileRef = 40828C811B687338005CDDFD /* LookCollectionViewCell.xib */; };
		40828C851B687378005CDDFD /* LookCollectionViewController.swift in Sources */ = {isa = PBXBuildFile; fileRef = 40828C841B687378005CDDFD /* LookCollectionViewController.swift */; };
		408E5B1C1B331ED5007EFDF2 /* GlobalConstants.swift in Sources */ = {isa = PBXBuildFile; fileRef = 408E5B1B1B331ED5007EFDF2 /* GlobalConstants.swift */; };
		408E5B1E1B34303F007EFDF2 /* SignUpViewController.swift in Sources */ = {isa = PBXBuildFile; fileRef = 408E5B1D1B34303F007EFDF2 /* SignUpViewController.swift */; };
		408E5B201B344DD5007EFDF2 /* SettingsViewController.swift in Sources */ = {isa = PBXBuildFile; fileRef = 408E5B1F1B344DD5007EFDF2 /* SettingsViewController.swift */; };
		408F6B3F1AF7C5B6003655D4 /* APIBrain.swift in Sources */ = {isa = PBXBuildFile; fileRef = 408F6B3E1AF7C5B6003655D4 /* APIBrain.swift */; };
		408F6B411AF8D580003655D4 /* SearchViewController.swift in Sources */ = {isa = PBXBuildFile; fileRef = 408F6B401AF8D580003655D4 /* SearchViewController.swift */; };
		40915F8A1B0A3486002340AC /* Store.swift in Sources */ = {isa = PBXBuildFile; fileRef = 40915F891B0A3486002340AC /* Store.swift */; };
		40915F8D1B0E3173002340AC /* ChatViewController.swift in Sources */ = {isa = PBXBuildFile; fileRef = 40915F8C1B0E3173002340AC /* ChatViewController.swift */; };
		40915F8F1B13603A002340AC /* AuthenticationViewController.swift in Sources */ = {isa = PBXBuildFile; fileRef = 40915F8E1B13603A002340AC /* AuthenticationViewController.swift */; };
		40915F911B137AAE002340AC /* Message.swift in Sources */ = {isa = PBXBuildFile; fileRef = 40915F901B137AAE002340AC /* Message.swift */; };
		409ED4271B25ACAA00FF6720 /* ProductsViewController.swift in Sources */ = {isa = PBXBuildFile; fileRef = 409ED4261B25ACAA00FF6720 /* ProductsViewController.swift */; };
		409ED4291B25F11000FF6720 /* ProductCollectionViewCell.swift in Sources */ = {isa = PBXBuildFile; fileRef = 409ED4281B25F11000FF6720 /* ProductCollectionViewCell.swift */; };
		40BB982B1B6AFB8800044E45 /* StyleAdviceViewController.swift in Sources */ = {isa = PBXBuildFile; fileRef = 40BB982A1B6AFB8800044E45 /* StyleAdviceViewController.swift */; };
		40BB982D1B6B10BA00044E45 /* FinishOnboardingViewController.swift in Sources */ = {isa = PBXBuildFile; fileRef = 40BB982C1B6B10BA00044E45 /* FinishOnboardingViewController.swift */; };
		40CE25981B7D7CBF00ED7606 /* ProgressHUD.swift in Sources */ = {isa = PBXBuildFile; fileRef = 40CE25971B7D7CBF00ED7606 /* ProgressHUD.swift */; };
		40DF23711AEF958C0021935A /* AppDelegate.swift in Sources */ = {isa = PBXBuildFile; fileRef = 40DF23701AEF958C0021935A /* AppDelegate.swift */; };
		40DF23741AEF958C0021935A /* PersonalShopper.xcdatamodeld in Sources */ = {isa = PBXBuildFile; fileRef = 40DF23721AEF958C0021935A /* PersonalShopper.xcdatamodeld */; };
		40DF23761AEF958C0021935A /* ViewController.swift in Sources */ = {isa = PBXBuildFile; fileRef = 40DF23751AEF958C0021935A /* ViewController.swift */; };
		40DF23791AEF958C0021935A /* Main.storyboard in Resources */ = {isa = PBXBuildFile; fileRef = 40DF23771AEF958C0021935A /* Main.storyboard */; };
		40DF237B1AEF958C0021935A /* Images.xcassets in Resources */ = {isa = PBXBuildFile; fileRef = 40DF237A1AEF958C0021935A /* Images.xcassets */; };
		40DF237E1AEF958C0021935A /* LaunchScreen.xib in Resources */ = {isa = PBXBuildFile; fileRef = 40DF237C1AEF958C0021935A /* LaunchScreen.xib */; };
		40DF238A1AEF958D0021935A /* PersonalShopperTests.swift in Sources */ = {isa = PBXBuildFile; fileRef = 40DF23891AEF958D0021935A /* PersonalShopperTests.swift */; };
		40E1FB2F1B61DBF100B591FF /* ChatOnboardingViewController.swift in Sources */ = {isa = PBXBuildFile; fileRef = 40E1FB2E1B61DBF100B591FF /* ChatOnboardingViewController.swift */; };
/* End PBXBuildFile section */

/* Begin PBXContainerItemProxy section */
		40DF23841AEF958D0021935A /* PBXContainerItemProxy */ = {
			isa = PBXContainerItemProxy;
			containerPortal = 40DF23631AEF958C0021935A /* Project object */;
			proxyType = 1;
			remoteGlobalIDString = 40DF236A1AEF958C0021935A;
			remoteInfo = PersonalShopper;
		};
/* End PBXContainerItemProxy section */

/* Begin PBXFileReference section */
		3BEE219C50D43CBE9C161D63 /* Pods.debug.xcconfig */ = {isa = PBXFileReference; includeInIndex = 1; lastKnownFileType = text.xcconfig; name = Pods.debug.xcconfig; path = "Pods/Target Support Files/Pods/Pods.debug.xcconfig"; sourceTree = "<group>"; };
		400205A01B2F2CDE00D21CA0 /* NewProductCollectionViewCell.swift */ = {isa = PBXFileReference; fileEncoding = 4; lastKnownFileType = sourcecode.swift; path = NewProductCollectionViewCell.swift; sourceTree = "<group>"; };
		400205A11B2F2CDE00D21CA0 /* NewProductCollectionViewCell.xib */ = {isa = PBXFileReference; fileEncoding = 4; lastKnownFileType = file.xib; path = NewProductCollectionViewCell.xib; sourceTree = "<group>"; };
		40045ACB1B31D309005E9B43 /* FilterViewController.swift */ = {isa = PBXFileReference; fileEncoding = 4; lastKnownFileType = sourcecode.swift; path = FilterViewController.swift; sourceTree = "<group>"; };
		400E14021AF232F2003AD486 /* ProductTableViewCell.swift */ = {isa = PBXFileReference; fileEncoding = 4; lastKnownFileType = sourcecode.swift; path = ProductTableViewCell.swift; sourceTree = "<group>"; };
		400E14051AF23570003AD486 /* Product.swift */ = {isa = PBXFileReference; fileEncoding = 4; lastKnownFileType = sourcecode.swift; path = Product.swift; sourceTree = "<group>"; };
		401918691B34B38A00674275 /* libicucore.dylib */ = {isa = PBXFileReference; lastKnownFileType = "compiled.mach-o.dylib"; name = libicucore.dylib; path = usr/lib/libicucore.dylib; sourceTree = SDKROOT; };
		4019186B1B34B39300674275 /* CFNetwork.framework */ = {isa = PBXFileReference; lastKnownFileType = wrapper.framework; name = CFNetwork.framework; path = System/Library/Frameworks/CFNetwork.framework; sourceTree = SDKROOT; };
		4019186D1B34B39A00674275 /* Security.framework */ = {isa = PBXFileReference; lastKnownFileType = wrapper.framework; name = Security.framework; path = System/Library/Frameworks/Security.framework; sourceTree = SDKROOT; };
		4019186F1B34B3A800674275 /* SystemConfiguration.framework */ = {isa = PBXFileReference; lastKnownFileType = wrapper.framework; name = SystemConfiguration.framework; path = System/Library/Frameworks/SystemConfiguration.framework; sourceTree = SDKROOT; };
		401DFDE81B49D98500861CC1 /* RecommendationItemsCollectionViewController.swift */ = {isa = PBXFileReference; fileEncoding = 4; lastKnownFileType = sourcecode.swift; path = RecommendationItemsCollectionViewController.swift; sourceTree = "<group>"; };
		401DFDEA1B49EADB00861CC1 /* RecommendationItemCollectionViewCell.swift */ = {isa = PBXFileReference; fileEncoding = 4; lastKnownFileType = sourcecode.swift; path = RecommendationItemCollectionViewCell.swift; sourceTree = "<group>"; };
		401DFDEB1B49EADB00861CC1 /* RecommendationItemCollectionViewCell.xib */ = {isa = PBXFileReference; fileEncoding = 4; lastKnownFileType = file.xib; path = RecommendationItemCollectionViewCell.xib; sourceTree = "<group>"; };
		401DFDEE1B4A7F9600861CC1 /* RecommendationItem.swift */ = {isa = PBXFileReference; fileEncoding = 4; lastKnownFileType = sourcecode.swift; path = RecommendationItem.swift; sourceTree = "<group>"; };
		401DFDF01B4A8ABB00861CC1 /* Recommendation.swift */ = {isa = PBXFileReference; fileEncoding = 4; lastKnownFileType = sourcecode.swift; path = Recommendation.swift; sourceTree = "<group>"; };
		401DFDF31B4C12E700861CC1 /* Fabric.framework */ = {isa = PBXFileReference; lastKnownFileType = wrapper.framework; path = Fabric.framework; sourceTree = "<group>"; };
		401DFDF41B4C12E700861CC1 /* Crashlytics.framework */ = {isa = PBXFileReference; lastKnownFileType = wrapper.framework; path = Crashlytics.framework; sourceTree = "<group>"; };
		401DFDF71B4C26D500861CC1 /* OnboardingViewController.swift */ = {isa = PBXFileReference; fileEncoding = 4; lastKnownFileType = sourcecode.swift; name = OnboardingViewController.swift; path = ../../../../Downloads/OnboardingViewController.swift; sourceTree = "<group>"; };
		403921311B46C7D6004114EE /* RecommendationsViewController.swift */ = {isa = PBXFileReference; fileEncoding = 4; lastKnownFileType = sourcecode.swift; path = RecommendationsViewController.swift; sourceTree = "<group>"; };
		403921331B46CA5D004114EE /* RecommendationCollectionViewCell.swift */ = {isa = PBXFileReference; fileEncoding = 4; lastKnownFileType = sourcecode.swift; path = RecommendationCollectionViewCell.swift; sourceTree = "<group>"; };
		403921341B46CA5D004114EE /* RecommendationCollectionViewCell.xib */ = {isa = PBXFileReference; fileEncoding = 4; lastKnownFileType = file.xib; path = RecommendationCollectionViewCell.xib; sourceTree = "<group>"; };
		403C987F1B3ED93200998523 /* BasketViewController.swift */ = {isa = PBXFileReference; fileEncoding = 4; lastKnownFileType = sourcecode.swift; path = BasketViewController.swift; sourceTree = "<group>"; };
		40401BB11B3EE58F005C75DA /* ProductBasketViewController.swift */ = {isa = PBXFileReference; fileEncoding = 4; lastKnownFileType = sourcecode.swift; path = ProductBasketViewController.swift; sourceTree = "<group>"; };
		40401BB31B415666005C75DA /* ManhattanDarling-Regular.ttf */ = {isa = PBXFileReference; lastKnownFileType = file; name = "ManhattanDarling-Regular.ttf"; path = "../../../../Downloads/Manhattan Darling/Manhattan Darling/TTF/ManhattanDarling-Regular.ttf"; sourceTree = "<group>"; };
		40401BB51B415671005C75DA /* ManhattanDarlingExtras.ttf */ = {isa = PBXFileReference; lastKnownFileType = file; name = ManhattanDarlingExtras.ttf; path = "../../../../Downloads/Manhattan Darling/Manhattan Darling/TTF/ManhattanDarlingExtras.ttf"; sourceTree = "<group>"; };
		405AD36B1AF91E9600B0AF17 /* ProductDetailViewController.swift */ = {isa = PBXFileReference; fileEncoding = 4; lastKnownFileType = sourcecode.swift; path = ProductDetailViewController.swift; sourceTree = "<group>"; };
		406D0E211B7BD48500010D6F /* StartOnboardingViewController.swift */ = {isa = PBXFileReference; fileEncoding = 4; lastKnownFileType = sourcecode.swift; path = StartOnboardingViewController.swift; sourceTree = "<group>"; };
		40828C381B66CE7F005CDDFD /* BrandsCollectionViewController.swift */ = {isa = PBXFileReference; fileEncoding = 4; lastKnownFileType = sourcecode.swift; path = BrandsCollectionViewController.swift; sourceTree = "<group>"; };
		40828C7C1B684052005CDDFD /* BrandCollectionViewCell.swift */ = {isa = PBXFileReference; fileEncoding = 4; lastKnownFileType = sourcecode.swift; path = BrandCollectionViewCell.swift; sourceTree = "<group>"; };
		40828C7D1B684052005CDDFD /* BrandCollectionViewCell.xib */ = {isa = PBXFileReference; fileEncoding = 4; lastKnownFileType = file.xib; path = BrandCollectionViewCell.xib; sourceTree = "<group>"; };
		40828C801B687338005CDDFD /* LookCollectionViewCell.swift */ = {isa = PBXFileReference; fileEncoding = 4; lastKnownFileType = sourcecode.swift; path = LookCollectionViewCell.swift; sourceTree = "<group>"; };
		40828C811B687338005CDDFD /* LookCollectionViewCell.xib */ = {isa = PBXFileReference; fileEncoding = 4; lastKnownFileType = file.xib; path = LookCollectionViewCell.xib; sourceTree = "<group>"; };
		40828C841B687378005CDDFD /* LookCollectionViewController.swift */ = {isa = PBXFileReference; fileEncoding = 4; lastKnownFileType = sourcecode.swift; path = LookCollectionViewController.swift; sourceTree = "<group>"; };
		408E5B1B1B331ED5007EFDF2 /* GlobalConstants.swift */ = {isa = PBXFileReference; fileEncoding = 4; lastKnownFileType = sourcecode.swift; path = GlobalConstants.swift; sourceTree = "<group>"; };
		408E5B1D1B34303F007EFDF2 /* SignUpViewController.swift */ = {isa = PBXFileReference; fileEncoding = 4; lastKnownFileType = sourcecode.swift; path = SignUpViewController.swift; sourceTree = "<group>"; };
		408E5B1F1B344DD5007EFDF2 /* SettingsViewController.swift */ = {isa = PBXFileReference; fileEncoding = 4; lastKnownFileType = sourcecode.swift; path = SettingsViewController.swift; sourceTree = "<group>"; };
		408F6B3E1AF7C5B6003655D4 /* APIBrain.swift */ = {isa = PBXFileReference; fileEncoding = 4; lastKnownFileType = sourcecode.swift; path = APIBrain.swift; sourceTree = "<group>"; };
		408F6B401AF8D580003655D4 /* SearchViewController.swift */ = {isa = PBXFileReference; fileEncoding = 4; lastKnownFileType = sourcecode.swift; path = SearchViewController.swift; sourceTree = "<group>"; };
		40915F891B0A3486002340AC /* Store.swift */ = {isa = PBXFileReference; fileEncoding = 4; lastKnownFileType = sourcecode.swift; path = Store.swift; sourceTree = "<group>"; };
		40915F8B1B0E2F64002340AC /* Bridging-Header.h */ = {isa = PBXFileReference; lastKnownFileType = sourcecode.c.h; path = "Bridging-Header.h"; sourceTree = "<group>"; };
		40915F8C1B0E3173002340AC /* ChatViewController.swift */ = {isa = PBXFileReference; fileEncoding = 4; lastKnownFileType = sourcecode.swift; path = ChatViewController.swift; sourceTree = "<group>"; };
		40915F8E1B13603A002340AC /* AuthenticationViewController.swift */ = {isa = PBXFileReference; fileEncoding = 4; lastKnownFileType = sourcecode.swift; path = AuthenticationViewController.swift; sourceTree = "<group>"; };
		40915F901B137AAE002340AC /* Message.swift */ = {isa = PBXFileReference; fileEncoding = 4; lastKnownFileType = sourcecode.swift; path = Message.swift; sourceTree = "<group>"; };
		409ED4261B25ACAA00FF6720 /* ProductsViewController.swift */ = {isa = PBXFileReference; fileEncoding = 4; lastKnownFileType = sourcecode.swift; path = ProductsViewController.swift; sourceTree = "<group>"; };
		409ED4281B25F11000FF6720 /* ProductCollectionViewCell.swift */ = {isa = PBXFileReference; fileEncoding = 4; lastKnownFileType = sourcecode.swift; path = ProductCollectionViewCell.swift; sourceTree = "<group>"; };
		40BB982A1B6AFB8800044E45 /* StyleAdviceViewController.swift */ = {isa = PBXFileReference; fileEncoding = 4; lastKnownFileType = sourcecode.swift; path = StyleAdviceViewController.swift; sourceTree = "<group>"; };
		40BB982C1B6B10BA00044E45 /* FinishOnboardingViewController.swift */ = {isa = PBXFileReference; fileEncoding = 4; lastKnownFileType = sourcecode.swift; path = FinishOnboardingViewController.swift; sourceTree = "<group>"; };
		40CE25971B7D7CBF00ED7606 /* ProgressHUD.swift */ = {isa = PBXFileReference; fileEncoding = 4; lastKnownFileType = sourcecode.swift; path = ProgressHUD.swift; sourceTree = "<group>"; };
		40DF236B1AEF958C0021935A /* PersonalShopper.app */ = {isa = PBXFileReference; explicitFileType = wrapper.application; includeInIndex = 0; path = PersonalShopper.app; sourceTree = BUILT_PRODUCTS_DIR; };
		40DF236F1AEF958C0021935A /* Info.plist */ = {isa = PBXFileReference; lastKnownFileType = text.plist.xml; path = Info.plist; sourceTree = "<group>"; };
		40DF23701AEF958C0021935A /* AppDelegate.swift */ = {isa = PBXFileReference; lastKnownFileType = sourcecode.swift; path = AppDelegate.swift; sourceTree = "<group>"; };
		40DF23731AEF958C0021935A /* PersonalShopper.xcdatamodel */ = {isa = PBXFileReference; lastKnownFileType = wrapper.xcdatamodel; path = PersonalShopper.xcdatamodel; sourceTree = "<group>"; };
		40DF23751AEF958C0021935A /* ViewController.swift */ = {isa = PBXFileReference; lastKnownFileType = sourcecode.swift; path = ViewController.swift; sourceTree = "<group>"; };
		40DF23781AEF958C0021935A /* Base */ = {isa = PBXFileReference; lastKnownFileType = file.storyboard; name = Base; path = Base.lproj/Main.storyboard; sourceTree = "<group>"; };
		40DF237A1AEF958C0021935A /* Images.xcassets */ = {isa = PBXFileReference; lastKnownFileType = folder.assetcatalog; path = Images.xcassets; sourceTree = "<group>"; };
		40DF237D1AEF958C0021935A /* Base */ = {isa = PBXFileReference; lastKnownFileType = file.xib; name = Base; path = Base.lproj/LaunchScreen.xib; sourceTree = "<group>"; };
		40DF23831AEF958D0021935A /* PersonalShopperTests.xctest */ = {isa = PBXFileReference; explicitFileType = wrapper.cfbundle; includeInIndex = 0; path = PersonalShopperTests.xctest; sourceTree = BUILT_PRODUCTS_DIR; };
		40DF23881AEF958D0021935A /* Info.plist */ = {isa = PBXFileReference; lastKnownFileType = text.plist.xml; path = Info.plist; sourceTree = "<group>"; };
		40DF23891AEF958D0021935A /* PersonalShopperTests.swift */ = {isa = PBXFileReference; lastKnownFileType = sourcecode.swift; path = PersonalShopperTests.swift; sourceTree = "<group>"; };
		40E1FB2E1B61DBF100B591FF /* ChatOnboardingViewController.swift */ = {isa = PBXFileReference; fileEncoding = 4; lastKnownFileType = sourcecode.swift; path = ChatOnboardingViewController.swift; sourceTree = "<group>"; };
		62998B2B82DAC9F0B8DB34DA /* Pods.framework */ = {isa = PBXFileReference; explicitFileType = wrapper.framework; includeInIndex = 0; path = Pods.framework; sourceTree = BUILT_PRODUCTS_DIR; };
		B7F59C614E0B204E25159BF4 /* Pods.release.xcconfig */ = {isa = PBXFileReference; includeInIndex = 1; lastKnownFileType = text.xcconfig; name = Pods.release.xcconfig; path = "Pods/Target Support Files/Pods/Pods.release.xcconfig"; sourceTree = "<group>"; };
/* End PBXFileReference section */

/* Begin PBXFrameworksBuildPhase section */
		40DF23681AEF958C0021935A /* Frameworks */ = {
			isa = PBXFrameworksBuildPhase;
			buildActionMask = 2147483647;
			files = (
				401918701B34B3A800674275 /* SystemConfiguration.framework in Frameworks */,
				4019186E1B34B39A00674275 /* Security.framework in Frameworks */,
				4019186C1B34B39300674275 /* CFNetwork.framework in Frameworks */,
				4019186A1B34B38A00674275 /* libicucore.dylib in Frameworks */,
				17CD60DE20F75C5B7ED6EEA4 /* Pods.framework in Frameworks */,
				401DFDF51B4C12E700861CC1 /* Fabric.framework in Frameworks */,
				401DFDF61B4C12E700861CC1 /* Crashlytics.framework in Frameworks */,
			);
			runOnlyForDeploymentPostprocessing = 0;
		};
		40DF23801AEF958D0021935A /* Frameworks */ = {
			isa = PBXFrameworksBuildPhase;
			buildActionMask = 2147483647;
			files = (
			);
			runOnlyForDeploymentPostprocessing = 0;
		};
/* End PBXFrameworksBuildPhase section */

/* Begin PBXGroup section */
		001A8F07E2BE654D31AC5964 /* Frameworks */ = {
			isa = PBXGroup;
			children = (
				4019186F1B34B3A800674275 /* SystemConfiguration.framework */,
				4019186D1B34B39A00674275 /* Security.framework */,
				4019186B1B34B39300674275 /* CFNetwork.framework */,
				401918691B34B38A00674275 /* libicucore.dylib */,
				62998B2B82DAC9F0B8DB34DA /* Pods.framework */,
			);
			name = Frameworks;
			sourceTree = "<group>";
		};
		400E13FC1AF12B7F003AD486 /* ViewControllers */ = {
			isa = PBXGroup;
			children = (
				401DFDF71B4C26D500861CC1 /* OnboardingViewController.swift */,
				408F6B401AF8D580003655D4 /* SearchViewController.swift */,
				405AD36B1AF91E9600B0AF17 /* ProductDetailViewController.swift */,
				40915F8C1B0E3173002340AC /* ChatViewController.swift */,
				40915F8E1B13603A002340AC /* AuthenticationViewController.swift */,
				409ED4261B25ACAA00FF6720 /* ProductsViewController.swift */,
				40045ACB1B31D309005E9B43 /* FilterViewController.swift */,
				408E5B1D1B34303F007EFDF2 /* SignUpViewController.swift */,
				408E5B1F1B344DD5007EFDF2 /* SettingsViewController.swift */,
				403C987F1B3ED93200998523 /* BasketViewController.swift */,
				40401BB11B3EE58F005C75DA /* ProductBasketViewController.swift */,
				403921311B46C7D6004114EE /* RecommendationsViewController.swift */,
				401DFDE81B49D98500861CC1 /* RecommendationItemsCollectionViewController.swift */,
				40E1FB2E1B61DBF100B591FF /* ChatOnboardingViewController.swift */,
				40828C381B66CE7F005CDDFD /* BrandsCollectionViewController.swift */,
				40828C841B687378005CDDFD /* LookCollectionViewController.swift */,
				40BB982A1B6AFB8800044E45 /* StyleAdviceViewController.swift */,
				40BB982C1B6B10BA00044E45 /* FinishOnboardingViewController.swift */,
				406D0E211B7BD48500010D6F /* StartOnboardingViewController.swift */,
			);
			name = ViewControllers;
			sourceTree = "<group>";
		};
		400E14011AF232C9003AD486 /* Views */ = {
			isa = PBXGroup;
			children = (
				400E14021AF232F2003AD486 /* ProductTableViewCell.swift */,
				409ED4281B25F11000FF6720 /* ProductCollectionViewCell.swift */,
				400205A01B2F2CDE00D21CA0 /* NewProductCollectionViewCell.swift */,
				400205A11B2F2CDE00D21CA0 /* NewProductCollectionViewCell.xib */,
				403921331B46CA5D004114EE /* RecommendationCollectionViewCell.swift */,
				403921341B46CA5D004114EE /* RecommendationCollectionViewCell.xib */,
				401DFDEA1B49EADB00861CC1 /* RecommendationItemCollectionViewCell.swift */,
				401DFDEB1B49EADB00861CC1 /* RecommendationItemCollectionViewCell.xib */,
				40828C7C1B684052005CDDFD /* BrandCollectionViewCell.swift */,
				40828C7D1B684052005CDDFD /* BrandCollectionViewCell.xib */,
				40828C801B687338005CDDFD /* LookCollectionViewCell.swift */,
				40828C811B687338005CDDFD /* LookCollectionViewCell.xib */,
				40CE25971B7D7CBF00ED7606 /* ProgressHUD.swift */,
			);
			name = Views;
			sourceTree = "<group>";
		};
		400E14041AF2355E003AD486 /* Data */ = {
			isa = PBXGroup;
			children = (
				400E14051AF23570003AD486 /* Product.swift */,
				408F6B3E1AF7C5B6003655D4 /* APIBrain.swift */,
				40915F891B0A3486002340AC /* Store.swift */,
				40915F901B137AAE002340AC /* Message.swift */,
				408E5B1B1B331ED5007EFDF2 /* GlobalConstants.swift */,
				401DFDEE1B4A7F9600861CC1 /* RecommendationItem.swift */,
				401DFDF01B4A8ABB00861CC1 /* Recommendation.swift */,
			);
			name = Data;
			sourceTree = "<group>";
		};
		40DF23621AEF958C0021935A = {
			isa = PBXGroup;
			children = (
				401DFDF31B4C12E700861CC1 /* Fabric.framework */,
				401DFDF41B4C12E700861CC1 /* Crashlytics.framework */,
				40DF236D1AEF958C0021935A /* PersonalShopper */,
				40DF23861AEF958D0021935A /* PersonalShopperTests */,
				40DF236C1AEF958C0021935A /* Products */,
				D319B11D1D4539577D109001 /* Pods */,
				001A8F07E2BE654D31AC5964 /* Frameworks */,
			);
			sourceTree = "<group>";
		};
		40DF236C1AEF958C0021935A /* Products */ = {
			isa = PBXGroup;
			children = (
				40DF236B1AEF958C0021935A /* PersonalShopper.app */,
				40DF23831AEF958D0021935A /* PersonalShopperTests.xctest */,
			);
			name = Products;
			sourceTree = "<group>";
		};
		40DF236D1AEF958C0021935A /* PersonalShopper */ = {
			isa = PBXGroup;
			children = (
				400E14041AF2355E003AD486 /* Data */,
				400E14011AF232C9003AD486 /* Views */,
				400E13FC1AF12B7F003AD486 /* ViewControllers */,
				40DF23701AEF958C0021935A /* AppDelegate.swift */,
				40DF23751AEF958C0021935A /* ViewController.swift */,
				40401BB31B415666005C75DA /* ManhattanDarling-Regular.ttf */,
				40401BB51B415671005C75DA /* ManhattanDarlingExtras.ttf */,
				40DF237A1AEF958C0021935A /* Images.xcassets */,
				40DF237C1AEF958C0021935A /* LaunchScreen.xib */,
				40DF23771AEF958C0021935A /* Main.storyboard */,
				40DF23721AEF958C0021935A /* PersonalShopper.xcdatamodeld */,
				40DF236E1AEF958C0021935A /* Supporting Files */,
			);
			path = PersonalShopper;
			sourceTree = "<group>";
		};
		40DF236E1AEF958C0021935A /* Supporting Files */ = {
			isa = PBXGroup;
			children = (
				40DF236F1AEF958C0021935A /* Info.plist */,
				40915F8B1B0E2F64002340AC /* Bridging-Header.h */,
			);
			name = "Supporting Files";
			sourceTree = "<group>";
		};
		40DF23861AEF958D0021935A /* PersonalShopperTests */ = {
			isa = PBXGroup;
			children = (
				40DF23891AEF958D0021935A /* PersonalShopperTests.swift */,
				40DF23871AEF958D0021935A /* Supporting Files */,
			);
			path = PersonalShopperTests;
			sourceTree = "<group>";
		};
		40DF23871AEF958D0021935A /* Supporting Files */ = {
			isa = PBXGroup;
			children = (
				40DF23881AEF958D0021935A /* Info.plist */,
			);
			name = "Supporting Files";
			sourceTree = "<group>";
		};
		D319B11D1D4539577D109001 /* Pods */ = {
			isa = PBXGroup;
			children = (
				3BEE219C50D43CBE9C161D63 /* Pods.debug.xcconfig */,
				B7F59C614E0B204E25159BF4 /* Pods.release.xcconfig */,
			);
			name = Pods;
			sourceTree = "<group>";
		};
/* End PBXGroup section */

/* Begin PBXNativeTarget section */
		40DF236A1AEF958C0021935A /* PersonalShopper */ = {
			isa = PBXNativeTarget;
			buildConfigurationList = 40DF238D1AEF958D0021935A /* Build configuration list for PBXNativeTarget "PersonalShopper" */;
			buildPhases = (
				C4C93702569F3EABC4F98B7C /* Check Pods Manifest.lock */,
				40DF23671AEF958C0021935A /* Sources */,
				40DF23681AEF958C0021935A /* Frameworks */,
				40DF23691AEF958C0021935A /* Resources */,
				BE0C10F1E2A6B855B356285E /* Embed Pods Frameworks */,
				915FF915D6580E5B336CAF1F /* Copy Pods Resources */,
				401DFDF21B4C120E00861CC1 /* ShellScript */,
			);
			buildRules = (
			);
			dependencies = (
			);
			name = PersonalShopper;
			productName = PersonalShopper;
			productReference = 40DF236B1AEF958C0021935A /* PersonalShopper.app */;
			productType = "com.apple.product-type.application";
		};
		40DF23821AEF958D0021935A /* PersonalShopperTests */ = {
			isa = PBXNativeTarget;
			buildConfigurationList = 40DF23901AEF958D0021935A /* Build configuration list for PBXNativeTarget "PersonalShopperTests" */;
			buildPhases = (
				40DF237F1AEF958D0021935A /* Sources */,
				40DF23801AEF958D0021935A /* Frameworks */,
				40DF23811AEF958D0021935A /* Resources */,
			);
			buildRules = (
			);
			dependencies = (
				40DF23851AEF958D0021935A /* PBXTargetDependency */,
			);
			name = PersonalShopperTests;
			productName = PersonalShopperTests;
			productReference = 40DF23831AEF958D0021935A /* PersonalShopperTests.xctest */;
			productType = "com.apple.product-type.bundle.unit-test";
		};
/* End PBXNativeTarget section */

/* Begin PBXProject section */
		40DF23631AEF958C0021935A /* Project object */ = {
			isa = PBXProject;
			attributes = {
				LastUpgradeCheck = 0620;
				ORGANIZATIONNAME = "Search the Sales LTD";
				TargetAttributes = {
					40DF236A1AEF958C0021935A = {
						CreatedOnToolsVersion = 6.2;
						DevelopmentTeam = X39YULRQP7;
					};
					40DF23821AEF958D0021935A = {
						CreatedOnToolsVersion = 6.2;
						TestTargetID = 40DF236A1AEF958C0021935A;
					};
				};
			};
			buildConfigurationList = 40DF23661AEF958C0021935A /* Build configuration list for PBXProject "HowAbout" */;
			compatibilityVersion = "Xcode 3.2";
			developmentRegion = English;
			hasScannedForEncodings = 0;
			knownRegions = (
				en,
				Base,
			);
			mainGroup = 40DF23621AEF958C0021935A;
			productRefGroup = 40DF236C1AEF958C0021935A /* Products */;
			projectDirPath = "";
			projectRoot = "";
			targets = (
				40DF236A1AEF958C0021935A /* PersonalShopper */,
				40DF23821AEF958D0021935A /* PersonalShopperTests */,
			);
		};
/* End PBXProject section */

/* Begin PBXResourcesBuildPhase section */
		40DF23691AEF958C0021935A /* Resources */ = {
			isa = PBXResourcesBuildPhase;
			buildActionMask = 2147483647;
			files = (
				40401BB41B415666005C75DA /* ManhattanDarling-Regular.ttf in Resources */,
				40DF23791AEF958C0021935A /* Main.storyboard in Resources */,
				40828C7F1B684052005CDDFD /* BrandCollectionViewCell.xib in Resources */,
				403921361B46CA5D004114EE /* RecommendationCollectionViewCell.xib in Resources */,
				40401BB61B415671005C75DA /* ManhattanDarlingExtras.ttf in Resources */,
				401DFDED1B49EADB00861CC1 /* RecommendationItemCollectionViewCell.xib in Resources */,
				40DF237E1AEF958C0021935A /* LaunchScreen.xib in Resources */,
				40828C831B687338005CDDFD /* LookCollectionViewCell.xib in Resources */,
				400205A31B2F2CDE00D21CA0 /* NewProductCollectionViewCell.xib in Resources */,
				40DF237B1AEF958C0021935A /* Images.xcassets in Resources */,
			);
			runOnlyForDeploymentPostprocessing = 0;
		};
		40DF23811AEF958D0021935A /* Resources */ = {
			isa = PBXResourcesBuildPhase;
			buildActionMask = 2147483647;
			files = (
			);
			runOnlyForDeploymentPostprocessing = 0;
		};
/* End PBXResourcesBuildPhase section */

/* Begin PBXShellScriptBuildPhase section */
		401DFDF21B4C120E00861CC1 /* ShellScript */ = {
			isa = PBXShellScriptBuildPhase;
			buildActionMask = 2147483647;
			files = (
			);
			inputPaths = (
			);
			outputPaths = (
			);
			runOnlyForDeploymentPostprocessing = 0;
			shellPath = /bin/sh;
			shellScript = "./Fabric.framework/run 98117923ffbc165394f34b9ec28b821afba64292 c090e6c7c1dfff5d407df6580412893aef50b7ecc44a956b1e198f0235a9c737";
		};
		915FF915D6580E5B336CAF1F /* Copy Pods Resources */ = {
			isa = PBXShellScriptBuildPhase;
			buildActionMask = 2147483647;
			files = (
			);
			inputPaths = (
			);
			name = "Copy Pods Resources";
			outputPaths = (
			);
			runOnlyForDeploymentPostprocessing = 0;
			shellPath = /bin/sh;
			shellScript = "\"${SRCROOT}/Pods/Target Support Files/Pods/Pods-resources.sh\"\n";
			showEnvVarsInLog = 0;
		};
		BE0C10F1E2A6B855B356285E /* Embed Pods Frameworks */ = {
			isa = PBXShellScriptBuildPhase;
			buildActionMask = 2147483647;
			files = (
			);
			inputPaths = (
			);
			name = "Embed Pods Frameworks";
			outputPaths = (
			);
			runOnlyForDeploymentPostprocessing = 0;
			shellPath = /bin/sh;
			shellScript = "\"${SRCROOT}/Pods/Target Support Files/Pods/Pods-frameworks.sh\"\n";
			showEnvVarsInLog = 0;
		};
		C4C93702569F3EABC4F98B7C /* Check Pods Manifest.lock */ = {
			isa = PBXShellScriptBuildPhase;
			buildActionMask = 2147483647;
			files = (
			);
			inputPaths = (
			);
			name = "Check Pods Manifest.lock";
			outputPaths = (
			);
			runOnlyForDeploymentPostprocessing = 0;
			shellPath = /bin/sh;
			shellScript = "diff \"${PODS_ROOT}/../Podfile.lock\" \"${PODS_ROOT}/Manifest.lock\" > /dev/null\nif [[ $? != 0 ]] ; then\n    cat << EOM\nerror: The sandbox is not in sync with the Podfile.lock. Run 'pod install' or update your CocoaPods installation.\nEOM\n    exit 1\nfi\n";
			showEnvVarsInLog = 0;
		};
/* End PBXShellScriptBuildPhase section */

/* Begin PBXSourcesBuildPhase section */
		40DF23671AEF958C0021935A /* Sources */ = {
			isa = PBXSourcesBuildPhase;
			buildActionMask = 2147483647;
			files = (
				401DFDF11B4A8ABB00861CC1 /* Recommendation.swift in Sources */,
				408F6B3F1AF7C5B6003655D4 /* APIBrain.swift in Sources */,
				40828C7E1B684052005CDDFD /* BrandCollectionViewCell.swift in Sources */,
				40DF23761AEF958C0021935A /* ViewController.swift in Sources */,
				40915F8A1B0A3486002340AC /* Store.swift in Sources */,
				408E5B1E1B34303F007EFDF2 /* SignUpViewController.swift in Sources */,
				406D0E221B7BD48500010D6F /* StartOnboardingViewController.swift in Sources */,
				40915F8F1B13603A002340AC /* AuthenticationViewController.swift in Sources */,
				405AD36C1AF91E9600B0AF17 /* ProductDetailViewController.swift in Sources */,
				401DFDE91B49D98500861CC1 /* RecommendationItemsCollectionViewController.swift in Sources */,
				408F6B411AF8D580003655D4 /* SearchViewController.swift in Sources */,
				40045ACC1B31D309005E9B43 /* FilterViewController.swift in Sources */,
				40828C391B66CE7F005CDDFD /* BrandsCollectionViewController.swift in Sources */,
				40915F911B137AAE002340AC /* Message.swift in Sources */,
				401DFDF81B4C26D500861CC1 /* OnboardingViewController.swift in Sources */,
				400E14031AF232F2003AD486 /* ProductTableViewCell.swift in Sources */,
				403C98801B3ED93200998523 /* BasketViewController.swift in Sources */,
				40915F8D1B0E3173002340AC /* ChatViewController.swift in Sources */,
				40828C851B687378005CDDFD /* LookCollectionViewController.swift in Sources */,
				409ED4271B25ACAA00FF6720 /* ProductsViewController.swift in Sources */,
				400205A21B2F2CDE00D21CA0 /* NewProductCollectionViewCell.swift in Sources */,
				40828C821B687338005CDDFD /* LookCollectionViewCell.swift in Sources */,
				401DFDEF1B4A7F9600861CC1 /* RecommendationItem.swift in Sources */,
				40401BB21B3EE58F005C75DA /* ProductBasketViewController.swift in Sources */,
				403921321B46C7D6004114EE /* RecommendationsViewController.swift in Sources */,
				401DFDEC1B49EADB00861CC1 /* RecommendationItemCollectionViewCell.swift in Sources */,
				40E1FB2F1B61DBF100B591FF /* ChatOnboardingViewController.swift in Sources */,
				40CE25981B7D7CBF00ED7606 /* ProgressHUD.swift in Sources */,
				40DF23711AEF958C0021935A /* AppDelegate.swift in Sources */,
				409ED4291B25F11000FF6720 /* ProductCollectionViewCell.swift in Sources */,
				40BB982B1B6AFB8800044E45 /* StyleAdviceViewController.swift in Sources */,
				40DF23741AEF958C0021935A /* PersonalShopper.xcdatamodeld in Sources */,
				400E14061AF23570003AD486 /* Product.swift in Sources */,
				403921351B46CA5D004114EE /* RecommendationCollectionViewCell.swift in Sources */,
				40BB982D1B6B10BA00044E45 /* FinishOnboardingViewController.swift in Sources */,
				408E5B201B344DD5007EFDF2 /* SettingsViewController.swift in Sources */,
				408E5B1C1B331ED5007EFDF2 /* GlobalConstants.swift in Sources */,
			);
			runOnlyForDeploymentPostprocessing = 0;
		};
		40DF237F1AEF958D0021935A /* Sources */ = {
			isa = PBXSourcesBuildPhase;
			buildActionMask = 2147483647;
			files = (
				40DF238A1AEF958D0021935A /* PersonalShopperTests.swift in Sources */,
			);
			runOnlyForDeploymentPostprocessing = 0;
		};
/* End PBXSourcesBuildPhase section */

/* Begin PBXTargetDependency section */
		40DF23851AEF958D0021935A /* PBXTargetDependency */ = {
			isa = PBXTargetDependency;
			target = 40DF236A1AEF958C0021935A /* PersonalShopper */;
			targetProxy = 40DF23841AEF958D0021935A /* PBXContainerItemProxy */;
		};
/* End PBXTargetDependency section */

/* Begin PBXVariantGroup section */
		40DF23771AEF958C0021935A /* Main.storyboard */ = {
			isa = PBXVariantGroup;
			children = (
				40DF23781AEF958C0021935A /* Base */,
			);
			name = Main.storyboard;
			sourceTree = "<group>";
		};
		40DF237C1AEF958C0021935A /* LaunchScreen.xib */ = {
			isa = PBXVariantGroup;
			children = (
				40DF237D1AEF958C0021935A /* Base */,
			);
			name = LaunchScreen.xib;
			sourceTree = "<group>";
		};
/* End PBXVariantGroup section */

/* Begin XCBuildConfiguration section */
		40DF238B1AEF958D0021935A /* Debug */ = {
			isa = XCBuildConfiguration;
			buildSettings = {
				ALWAYS_SEARCH_USER_PATHS = NO;
				CLANG_CXX_LANGUAGE_STANDARD = "gnu++0x";
				CLANG_CXX_LIBRARY = "libc++";
				CLANG_ENABLE_MODULES = YES;
				CLANG_ENABLE_OBJC_ARC = YES;
				CLANG_WARN_BOOL_CONVERSION = YES;
				CLANG_WARN_CONSTANT_CONVERSION = YES;
				CLANG_WARN_DIRECT_OBJC_ISA_USAGE = YES_ERROR;
				CLANG_WARN_EMPTY_BODY = YES;
				CLANG_WARN_ENUM_CONVERSION = YES;
				CLANG_WARN_INT_CONVERSION = YES;
				CLANG_WARN_OBJC_ROOT_CLASS = YES_ERROR;
				CLANG_WARN_UNREACHABLE_CODE = YES;
				CLANG_WARN__DUPLICATE_METHOD_MATCH = YES;
				"CODE_SIGN_IDENTITY[sdk=iphoneos*]" = "iPhone Developer";
				COPY_PHASE_STRIP = NO;
				ENABLE_STRICT_OBJC_MSGSEND = YES;
				GCC_C_LANGUAGE_STANDARD = gnu99;
				GCC_DYNAMIC_NO_PIC = NO;
				GCC_OPTIMIZATION_LEVEL = 0;
				GCC_PREPROCESSOR_DEFINITIONS = (
					"DEBUG=1",
					"$(inherited)",
				);
				GCC_SYMBOLS_PRIVATE_EXTERN = NO;
				GCC_WARN_64_TO_32_BIT_CONVERSION = YES;
				GCC_WARN_ABOUT_RETURN_TYPE = YES_ERROR;
				GCC_WARN_UNDECLARED_SELECTOR = YES;
				GCC_WARN_UNINITIALIZED_AUTOS = YES_AGGRESSIVE;
				GCC_WARN_UNUSED_FUNCTION = YES;
				GCC_WARN_UNUSED_VARIABLE = YES;
				IPHONEOS_DEPLOYMENT_TARGET = 8.2;
				MTL_ENABLE_DEBUG_INFO = YES;
				ONLY_ACTIVE_ARCH = YES;
				SDKROOT = iphoneos;
				SWIFT_OBJC_BRIDGING_HEADER = "";
				SWIFT_OPTIMIZATION_LEVEL = "-Onone";
			};
			name = Debug;
		};
		40DF238C1AEF958D0021935A /* Release */ = {
			isa = XCBuildConfiguration;
			buildSettings = {
				ALWAYS_SEARCH_USER_PATHS = NO;
				CLANG_CXX_LANGUAGE_STANDARD = "gnu++0x";
				CLANG_CXX_LIBRARY = "libc++";
				CLANG_ENABLE_MODULES = YES;
				CLANG_ENABLE_OBJC_ARC = YES;
				CLANG_WARN_BOOL_CONVERSION = YES;
				CLANG_WARN_CONSTANT_CONVERSION = YES;
				CLANG_WARN_DIRECT_OBJC_ISA_USAGE = YES_ERROR;
				CLANG_WARN_EMPTY_BODY = YES;
				CLANG_WARN_ENUM_CONVERSION = YES;
				CLANG_WARN_INT_CONVERSION = YES;
				CLANG_WARN_OBJC_ROOT_CLASS = YES_ERROR;
				CLANG_WARN_UNREACHABLE_CODE = YES;
				CLANG_WARN__DUPLICATE_METHOD_MATCH = YES;
				"CODE_SIGN_IDENTITY[sdk=iphoneos*]" = "iPhone Developer";
				COPY_PHASE_STRIP = NO;
				ENABLE_NS_ASSERTIONS = NO;
				ENABLE_STRICT_OBJC_MSGSEND = YES;
				GCC_C_LANGUAGE_STANDARD = gnu99;
				GCC_WARN_64_TO_32_BIT_CONVERSION = YES;
				GCC_WARN_ABOUT_RETURN_TYPE = YES_ERROR;
				GCC_WARN_UNDECLARED_SELECTOR = YES;
				GCC_WARN_UNINITIALIZED_AUTOS = YES_AGGRESSIVE;
				GCC_WARN_UNUSED_FUNCTION = YES;
				GCC_WARN_UNUSED_VARIABLE = YES;
				IPHONEOS_DEPLOYMENT_TARGET = 8.2;
				MTL_ENABLE_DEBUG_INFO = NO;
				SDKROOT = iphoneos;
				SWIFT_OBJC_BRIDGING_HEADER = "";
				VALIDATE_PRODUCT = YES;
			};
			name = Release;
		};
		40DF238E1AEF958D0021935A /* Debug */ = {
			isa = XCBuildConfiguration;
			baseConfigurationReference = 3BEE219C50D43CBE9C161D63 /* Pods.debug.xcconfig */;
			buildSettings = {
				ASSETCATALOG_COMPILER_APPICON_NAME = AppIcon;
				CODE_SIGN_IDENTITY = "iPhone Developer";
				"CODE_SIGN_IDENTITY[sdk=iphoneos*]" = "iPhone Developer";
				EMBEDDED_CONTENT_CONTAINS_SWIFT = YES;
				FRAMEWORK_SEARCH_PATHS = (
					"$(inherited)",
					"$(PROJECT_DIR)",
				);
				INFOPLIST_FILE = PersonalShopper/Info.plist;
				IPHONEOS_DEPLOYMENT_TARGET = 8.0;
				LD_RUNPATH_SEARCH_PATHS = "$(inherited) @executable_path/Frameworks";
				PRODUCT_NAME = "$(TARGET_NAME)";
				PROVISIONING_PROFILE = "";
				SWIFT_OBJC_BRIDGING_HEADER = "PersonalShopper/Bridging-Header.h";
			};
			name = Debug;
		};
		40DF238F1AEF958D0021935A /* Release */ = {
			isa = XCBuildConfiguration;
			baseConfigurationReference = B7F59C614E0B204E25159BF4 /* Pods.release.xcconfig */;
			buildSettings = {
				ASSETCATALOG_COMPILER_APPICON_NAME = AppIcon;
				CODE_SIGN_IDENTITY = "iPhone Developer";
				"CODE_SIGN_IDENTITY[sdk=iphoneos*]" = "iPhone Developer";
				EMBEDDED_CONTENT_CONTAINS_SWIFT = YES;
				FRAMEWORK_SEARCH_PATHS = (
					"$(inherited)",
					"$(PROJECT_DIR)",
				);
				INFOPLIST_FILE = PersonalShopper/Info.plist;
				IPHONEOS_DEPLOYMENT_TARGET = 8.0;
				LD_RUNPATH_SEARCH_PATHS = "$(inherited) @executable_path/Frameworks";
				PRODUCT_NAME = "$(TARGET_NAME)";
				PROVISIONING_PROFILE = "13399b54-3c02-463e-a0b4-fedbb926aafd";
				SWIFT_OBJC_BRIDGING_HEADER = "PersonalShopper/Bridging-Header.h";
			};
			name = Release;
		};
		40DF23911AEF958D0021935A /* Debug */ = {
			isa = XCBuildConfiguration;
			buildSettings = {
				BUNDLE_LOADER = "$(TEST_HOST)";
				FRAMEWORK_SEARCH_PATHS = (
					"$(SDKROOT)/Developer/Library/Frameworks",
					"$(inherited)",
				);
				GCC_PREPROCESSOR_DEFINITIONS = (
					"DEBUG=1",
					"$(inherited)",
				);
				INFOPLIST_FILE = PersonalShopperTests/Info.plist;
				LD_RUNPATH_SEARCH_PATHS = "$(inherited) @executable_path/Frameworks @loader_path/Frameworks";
				PRODUCT_NAME = "$(TARGET_NAME)";
				TEST_HOST = "$(BUILT_PRODUCTS_DIR)/PersonalShopper.app/PersonalShopper";
			};
			name = Debug;
		};
		40DF23921AEF958D0021935A /* Release */ = {
			isa = XCBuildConfiguration;
			buildSettings = {
				BUNDLE_LOADER = "$(TEST_HOST)";
				FRAMEWORK_SEARCH_PATHS = (
					"$(SDKROOT)/Developer/Library/Frameworks",
					"$(inherited)",
				);
				INFOPLIST_FILE = PersonalShopperTests/Info.plist;
				LD_RUNPATH_SEARCH_PATHS = "$(inherited) @executable_path/Frameworks @loader_path/Frameworks";
				PRODUCT_NAME = "$(TARGET_NAME)";
				TEST_HOST = "$(BUILT_PRODUCTS_DIR)/PersonalShopper.app/PersonalShopper";
			};
			name = Release;
		};
/* End XCBuildConfiguration section */

/* Begin XCConfigurationList section */
		40DF23661AEF958C0021935A /* Build configuration list for PBXProject "HowAbout" */ = {
			isa = XCConfigurationList;
			buildConfigurations = (
				40DF238B1AEF958D0021935A /* Debug */,
				40DF238C1AEF958D0021935A /* Release */,
			);
			defaultConfigurationIsVisible = 0;
			defaultConfigurationName = Release;
		};
		40DF238D1AEF958D0021935A /* Build configuration list for PBXNativeTarget "PersonalShopper" */ = {
			isa = XCConfigurationList;
			buildConfigurations = (
				40DF238E1AEF958D0021935A /* Debug */,
				40DF238F1AEF958D0021935A /* Release */,
			);
			defaultConfigurationIsVisible = 0;
			defaultConfigurationName = Release;
		};
		40DF23901AEF958D0021935A /* Build configuration list for PBXNativeTarget "PersonalShopperTests" */ = {
			isa = XCConfigurationList;
			buildConfigurations = (
				40DF23911AEF958D0021935A /* Debug */,
				40DF23921AEF958D0021935A /* Release */,
			);
			defaultConfigurationIsVisible = 0;
			defaultConfigurationName = Release;
		};
/* End XCConfigurationList section */

/* Begin XCVersionGroup section */
		40DF23721AEF958C0021935A /* PersonalShopper.xcdatamodeld */ = {
			isa = XCVersionGroup;
			children = (
				40DF23731AEF958C0021935A /* PersonalShopper.xcdatamodel */,
			);
			currentVersion = 40DF23731AEF958C0021935A /* PersonalShopper.xcdatamodel */;
			path = PersonalShopper.xcdatamodeld;
			sourceTree = "<group>";
			versionGroupType = wrapper.xcdatamodel;
		};
/* End XCVersionGroup section */
	};
	rootObject = 40DF23631AEF958C0021935A /* Project object */;
}
