// !$*UTF8*$!
{
	archiveVersion = 1;
	classes = {
	};
	objectVersion = 46;
	objects = {

/* Begin PBXBuildFile section */
		17CD60DE20F75C5B7ED6EEA4 /* Pods.framework in Frameworks */ = {isa = PBXBuildFile; fileRef = 62998B2B82DAC9F0B8DB34DA /* Pods.framework */; settings = {ATTRIBUTES = (Weak, ); }; };
		400E14001AF13091003AD486 /* FeaturedTableViewController.swift in Sources */ = {isa = PBXBuildFile; fileRef = 400E13FF1AF13091003AD486 /* FeaturedTableViewController.swift */; };
		400E14031AF232F2003AD486 /* ProductTableViewCell.swift in Sources */ = {isa = PBXBuildFile; fileRef = 400E14021AF232F2003AD486 /* ProductTableViewCell.swift */; };
		400E14061AF23570003AD486 /* Product.swift in Sources */ = {isa = PBXBuildFile; fileRef = 400E14051AF23570003AD486 /* Product.swift */; };
		405AD36C1AF91E9600B0AF17 /* ProductDetailViewController.swift in Sources */ = {isa = PBXBuildFile; fileRef = 405AD36B1AF91E9600B0AF17 /* ProductDetailViewController.swift */; };
		408F6B3F1AF7C5B6003655D4 /* APIBrain.swift in Sources */ = {isa = PBXBuildFile; fileRef = 408F6B3E1AF7C5B6003655D4 /* APIBrain.swift */; };
		408F6B411AF8D580003655D4 /* SearchViewController.swift in Sources */ = {isa = PBXBuildFile; fileRef = 408F6B401AF8D580003655D4 /* SearchViewController.swift */; };
		40DF23711AEF958C0021935A /* AppDelegate.swift in Sources */ = {isa = PBXBuildFile; fileRef = 40DF23701AEF958C0021935A /* AppDelegate.swift */; };
		40DF23741AEF958C0021935A /* PersonalShopper.xcdatamodeld in Sources */ = {isa = PBXBuildFile; fileRef = 40DF23721AEF958C0021935A /* PersonalShopper.xcdatamodeld */; };
		40DF23761AEF958C0021935A /* ViewController.swift in Sources */ = {isa = PBXBuildFile; fileRef = 40DF23751AEF958C0021935A /* ViewController.swift */; };
		40DF23791AEF958C0021935A /* Main.storyboard in Resources */ = {isa = PBXBuildFile; fileRef = 40DF23771AEF958C0021935A /* Main.storyboard */; };
		40DF237B1AEF958C0021935A /* Images.xcassets in Resources */ = {isa = PBXBuildFile; fileRef = 40DF237A1AEF958C0021935A /* Images.xcassets */; };
		40DF237E1AEF958C0021935A /* LaunchScreen.xib in Resources */ = {isa = PBXBuildFile; fileRef = 40DF237C1AEF958C0021935A /* LaunchScreen.xib */; };
		40DF238A1AEF958D0021935A /* PersonalShopperTests.swift in Sources */ = {isa = PBXBuildFile; fileRef = 40DF23891AEF958D0021935A /* PersonalShopperTests.swift */; };
/* End PBXBuildFile section */

/* Begin PBXContainerItemProxy section */
		40DF23841AEF958D0021935A /* PBXContainerItemProxy */ = {
			isa = PBXContainerItemProxy;
			containerPortal = 40DF23631AEF958C0021935A /* Project object */;
			proxyType = 1;
			remoteGlobalIDString = 40DF236A1AEF958C0021935A;
			remoteInfo = PersonalShopper;
		};
/* End PBXContainerItemProxy section */

/* Begin PBXFileReference section */
		3BEE219C50D43CBE9C161D63 /* Pods.debug.xcconfig */ = {isa = PBXFileReference; includeInIndex = 1; lastKnownFileType = text.xcconfig; name = Pods.debug.xcconfig; path = "Pods/Target Support Files/Pods/Pods.debug.xcconfig"; sourceTree = "<group>"; };
		400E13FF1AF13091003AD486 /* FeaturedTableViewController.swift */ = {isa = PBXFileReference; fileEncoding = 4; lastKnownFileType = sourcecode.swift; path = FeaturedTableViewController.swift; sourceTree = "<group>"; };
		400E14021AF232F2003AD486 /* ProductTableViewCell.swift */ = {isa = PBXFileReference; fileEncoding = 4; lastKnownFileType = sourcecode.swift; path = ProductTableViewCell.swift; sourceTree = "<group>"; };
		400E14051AF23570003AD486 /* Product.swift */ = {isa = PBXFileReference; fileEncoding = 4; lastKnownFileType = sourcecode.swift; path = Product.swift; sourceTree = "<group>"; };
		405AD36B1AF91E9600B0AF17 /* ProductDetailViewController.swift */ = {isa = PBXFileReference; fileEncoding = 4; lastKnownFileType = sourcecode.swift; path = ProductDetailViewController.swift; sourceTree = "<group>"; };
		408F6B3E1AF7C5B6003655D4 /* APIBrain.swift */ = {isa = PBXFileReference; fileEncoding = 4; lastKnownFileType = sourcecode.swift; path = APIBrain.swift; sourceTree = "<group>"; };
		408F6B401AF8D580003655D4 /* SearchViewController.swift */ = {isa = PBXFileReference; fileEncoding = 4; lastKnownFileType = sourcecode.swift; path = SearchViewController.swift; sourceTree = "<group>"; };
		40DF236B1AEF958C0021935A /* PersonalShopper.app */ = {isa = PBXFileReference; explicitFileType = wrapper.application; includeInIndex = 0; path = PersonalShopper.app; sourceTree = BUILT_PRODUCTS_DIR; };
		40DF236F1AEF958C0021935A /* Info.plist */ = {isa = PBXFileReference; lastKnownFileType = text.plist.xml; path = Info.plist; sourceTree = "<group>"; };
		40DF23701AEF958C0021935A /* AppDelegate.swift */ = {isa = PBXFileReference; lastKnownFileType = sourcecode.swift; path = AppDelegate.swift; sourceTree = "<group>"; };
		40DF23731AEF958C0021935A /* PersonalShopper.xcdatamodel */ = {isa = PBXFileReference; lastKnownFileType = wrapper.xcdatamodel; path = PersonalShopper.xcdatamodel; sourceTree = "<group>"; };
		40DF23751AEF958C0021935A /* ViewController.swift */ = {isa = PBXFileReference; lastKnownFileType = sourcecode.swift; path = ViewController.swift; sourceTree = "<group>"; };
		40DF23781AEF958C0021935A /* Base */ = {isa = PBXFileReference; lastKnownFileType = file.storyboard; name = Base; path = Base.lproj/Main.storyboard; sourceTree = "<group>"; };
		40DF237A1AEF958C0021935A /* Images.xcassets */ = {isa = PBXFileReference; lastKnownFileType = folder.assetcatalog; path = Images.xcassets; sourceTree = "<group>"; };
		40DF237D1AEF958C0021935A /* Base */ = {isa = PBXFileReference; lastKnownFileType = file.xib; name = Base; path = Base.lproj/LaunchScreen.xib; sourceTree = "<group>"; };
		40DF23831AEF958D0021935A /* PersonalShopperTests.xctest */ = {isa = PBXFileReference; explicitFileType = wrapper.cfbundle; includeInIndex = 0; path = PersonalShopperTests.xctest; sourceTree = BUILT_PRODUCTS_DIR; };
		40DF23881AEF958D0021935A /* Info.plist */ = {isa = PBXFileReference; lastKnownFileType = text.plist.xml; path = Info.plist; sourceTree = "<group>"; };
		40DF23891AEF958D0021935A /* PersonalShopperTests.swift */ = {isa = PBXFileReference; lastKnownFileType = sourcecode.swift; path = PersonalShopperTests.swift; sourceTree = "<group>"; };
		62998B2B82DAC9F0B8DB34DA /* Pods.framework */ = {isa = PBXFileReference; explicitFileType = wrapper.framework; includeInIndex = 0; path = Pods.framework; sourceTree = BUILT_PRODUCTS_DIR; };
		B7F59C614E0B204E25159BF4 /* Pods.release.xcconfig */ = {isa = PBXFileReference; includeInIndex = 1; lastKnownFileType = text.xcconfig; name = Pods.release.xcconfig; path = "Pods/Target Support Files/Pods/Pods.release.xcconfig"; sourceTree = "<group>"; };
/* End PBXFileReference section */

/* Begin PBXFrameworksBuildPhase section */
		40DF23681AEF958C0021935A /* Frameworks */ = {
			isa = PBXFrameworksBuildPhase;
			buildActionMask = 2147483647;
			files = (
				17CD60DE20F75C5B7ED6EEA4 /* Pods.framework in Frameworks */,
			);
			runOnlyForDeploymentPostprocessing = 0;
		};
		40DF23801AEF958D0021935A /* Frameworks */ = {
			isa = PBXFrameworksBuildPhase;
			buildActionMask = 2147483647;
			files = (
			);
			runOnlyForDeploymentPostprocessing = 0;
		};
/* End PBXFrameworksBuildPhase section */

/* Begin PBXGroup section */
		001A8F07E2BE654D31AC5964 /* Frameworks */ = {
			isa = PBXGroup;
			children = (
				62998B2B82DAC9F0B8DB34DA /* Pods.framework */,
			);
			name = Frameworks;
			sourceTree = "<group>";
		};
		400E13FC1AF12B7F003AD486 /* ViewControllers */ = {
			isa = PBXGroup;
			children = (
				400E13FF1AF13091003AD486 /* FeaturedTableViewController.swift */,
				408F6B401AF8D580003655D4 /* SearchViewController.swift */,
				405AD36B1AF91E9600B0AF17 /* ProductDetailViewController.swift */,
			);
			name = ViewControllers;
			sourceTree = "<group>";
		};
		400E14011AF232C9003AD486 /* Views */ = {
			isa = PBXGroup;
			children = (
				400E14021AF232F2003AD486 /* ProductTableViewCell.swift */,
			);
			name = Views;
			sourceTree = "<group>";
		};
		400E14041AF2355E003AD486 /* Data */ = {
			isa = PBXGroup;
			children = (
				400E14051AF23570003AD486 /* Product.swift */,
				408F6B3E1AF7C5B6003655D4 /* APIBrain.swift */,
			);
			name = Data;
			sourceTree = "<group>";
		};
		40DF23621AEF958C0021935A = {
			isa = PBXGroup;
			children = (
				40DF236D1AEF958C0021935A /* PersonalShopper */,
				40DF23861AEF958D0021935A /* PersonalShopperTests */,
				40DF236C1AEF958C0021935A /* Products */,
				D319B11D1D4539577D109001 /* Pods */,
				001A8F07E2BE654D31AC5964 /* Frameworks */,
			);
			sourceTree = "<group>";
		};
		40DF236C1AEF958C0021935A /* Products */ = {
			isa = PBXGroup;
			children = (
				40DF236B1AEF958C0021935A /* PersonalShopper.app */,
				40DF23831AEF958D0021935A /* PersonalShopperTests.xctest */,
			);
			name = Products;
			sourceTree = "<group>";
		};
		40DF236D1AEF958C0021935A /* PersonalShopper */ = {
			isa = PBXGroup;
			children = (
				400E14041AF2355E003AD486 /* Data */,
				400E14011AF232C9003AD486 /* Views */,
				400E13FC1AF12B7F003AD486 /* ViewControllers */,
				40DF23701AEF958C0021935A /* AppDelegate.swift */,
				40DF23751AEF958C0021935A /* ViewController.swift */,
				40DF23771AEF958C0021935A /* Main.storyboard */,
				40DF237A1AEF958C0021935A /* Images.xcassets */,
				40DF237C1AEF958C0021935A /* LaunchScreen.xib */,
				40DF23721AEF958C0021935A /* PersonalShopper.xcdatamodeld */,
				40DF236E1AEF958C0021935A /* Supporting Files */,
			);
			path = PersonalShopper;
			sourceTree = "<group>";
		};
		40DF236E1AEF958C0021935A /* Supporting Files */ = {
			isa = PBXGroup;
			children = (
				40DF236F1AEF958C0021935A /* Info.plist */,
			);
			name = "Supporting Files";
			sourceTree = "<group>";
		};
		40DF23861AEF958D0021935A /* PersonalShopperTests */ = {
			isa = PBXGroup;
			children = (
				40DF23891AEF958D0021935A /* PersonalShopperTests.swift */,
				40DF23871AEF958D0021935A /* Supporting Files */,
			);
			path = PersonalShopperTests;
			sourceTree = "<group>";
		};
		40DF23871AEF958D0021935A /* Supporting Files */ = {
			isa = PBXGroup;
			children = (
				40DF23881AEF958D0021935A /* Info.plist */,
			);
			name = "Supporting Files";
			sourceTree = "<group>";
		};
		D319B11D1D4539577D109001 /* Pods */ = {
			isa = PBXGroup;
			children = (
				3BEE219C50D43CBE9C161D63 /* Pods.debug.xcconfig */,
				B7F59C614E0B204E25159BF4 /* Pods.release.xcconfig */,
			);
			name = Pods;
			sourceTree = "<group>";
		};
/* End PBXGroup section */

/* Begin PBXNativeTarget section */
		40DF236A1AEF958C0021935A /* PersonalShopper */ = {
			isa = PBXNativeTarget;
			buildConfigurationList = 40DF238D1AEF958D0021935A /* Build configuration list for PBXNativeTarget "PersonalShopper" */;
			buildPhases = (
				C4C93702569F3EABC4F98B7C /* Check Pods Manifest.lock */,
				40DF23671AEF958C0021935A /* Sources */,
				40DF23681AEF958C0021935A /* Frameworks */,
				40DF23691AEF958C0021935A /* Resources */,
				BE0C10F1E2A6B855B356285E /* Embed Pods Frameworks */,
				915FF915D6580E5B336CAF1F /* Copy Pods Resources */,
			);
			buildRules = (
			);
			dependencies = (
			);
			name = PersonalShopper;
			productName = PersonalShopper;
			productReference = 40DF236B1AEF958C0021935A /* PersonalShopper.app */;
			productType = "com.apple.product-type.application";
		};
		40DF23821AEF958D0021935A /* PersonalShopperTests */ = {
			isa = PBXNativeTarget;
			buildConfigurationList = 40DF23901AEF958D0021935A /* Build configuration list for PBXNativeTarget "PersonalShopperTests" */;
			buildPhases = (
				40DF237F1AEF958D0021935A /* Sources */,
				40DF23801AEF958D0021935A /* Frameworks */,
				40DF23811AEF958D0021935A /* Resources */,
			);
			buildRules = (
			);
			dependencies = (
				40DF23851AEF958D0021935A /* PBXTargetDependency */,
			);
			name = PersonalShopperTests;
			productName = PersonalShopperTests;
			productReference = 40DF23831AEF958D0021935A /* PersonalShopperTests.xctest */;
			productType = "com.apple.product-type.bundle.unit-test";
		};
/* End PBXNativeTarget section */

/* Begin PBXProject section */
		40DF23631AEF958C0021935A /* Project object */ = {
			isa = PBXProject;
			attributes = {
				LastUpgradeCheck = 0620;
				ORGANIZATIONNAME = "Search the Sales LTD";
				TargetAttributes = {
					40DF236A1AEF958C0021935A = {
						CreatedOnToolsVersion = 6.2;
					};
					40DF23821AEF958D0021935A = {
						CreatedOnToolsVersion = 6.2;
						TestTargetID = 40DF236A1AEF958C0021935A;
					};
				};
			};
			buildConfigurationList = 40DF23661AEF958C0021935A /* Build configuration list for PBXProject "PersonalShopper" */;
			compatibilityVersion = "Xcode 3.2";
			developmentRegion = English;
			hasScannedForEncodings = 0;
			knownRegions = (
				en,
				Base,
			);
			mainGroup = 40DF23621AEF958C0021935A;
			productRefGroup = 40DF236C1AEF958C0021935A /* Products */;
			projectDirPath = "";
			projectRoot = "";
			targets = (
				40DF236A1AEF958C0021935A /* PersonalShopper */,
				40DF23821AEF958D0021935A /* PersonalShopperTests */,
			);
		};
/* End PBXProject section */

/* Begin PBXResourcesBuildPhase section */
		40DF23691AEF958C0021935A /* Resources */ = {
			isa = PBXResourcesBuildPhase;
			buildActionMask = 2147483647;
			files = (
				40DF23791AEF958C0021935A /* Main.storyboard in Resources */,
				40DF237E1AEF958C0021935A /* LaunchScreen.xib in Resources */,
				40DF237B1AEF958C0021935A /* Images.xcassets in Resources */,
			);
			runOnlyForDeploymentPostprocessing = 0;
		};
		40DF23811AEF958D0021935A /* Resources */ = {
			isa = PBXResourcesBuildPhase;
			buildActionMask = 2147483647;
			files = (
			);
			runOnlyForDeploymentPostprocessing = 0;
		};
/* End PBXResourcesBuildPhase section */

/* Begin PBXShellScriptBuildPhase section */
		915FF915D6580E5B336CAF1F /* Copy Pods Resources */ = {
			isa = PBXShellScriptBuildPhase;
			buildActionMask = 2147483647;
			files = (
			);
			inputPaths = (
			);
			name = "Copy Pods Resources";
			outputPaths = (
			);
			runOnlyForDeploymentPostprocessing = 0;
			shellPath = /bin/sh;
			shellScript = "\"${SRCROOT}/Pods/Target Support Files/Pods/Pods-resources.sh\"\n";
			showEnvVarsInLog = 0;
		};
		BE0C10F1E2A6B855B356285E /* Embed Pods Frameworks */ = {
			isa = PBXShellScriptBuildPhase;
			buildActionMask = 2147483647;
			files = (
			);
			inputPaths = (
			);
			name = "Embed Pods Frameworks";
			outputPaths = (
			);
			runOnlyForDeploymentPostprocessing = 0;
			shellPath = /bin/sh;
			shellScript = "\"${SRCROOT}/Pods/Target Support Files/Pods/Pods-frameworks.sh\"\n";
			showEnvVarsInLog = 0;
		};
		C4C93702569F3EABC4F98B7C /* Check Pods Manifest.lock */ = {
			isa = PBXShellScriptBuildPhase;
			buildActionMask = 2147483647;
			files = (
			);
			inputPaths = (
			);
			name = "Check Pods Manifest.lock";
			outputPaths = (
			);
			runOnlyForDeploymentPostprocessing = 0;
			shellPath = /bin/sh;
			shellScript = "diff \"${PODS_ROOT}/../Podfile.lock\" \"${PODS_ROOT}/Manifest.lock\" > /dev/null\nif [[ $? != 0 ]] ; then\n    cat << EOM\nerror: The sandbox is not in sync with the Podfile.lock. Run 'pod install' or update your CocoaPods installation.\nEOM\n    exit 1\nfi\n";
			showEnvVarsInLog = 0;
		};
/* End PBXShellScriptBuildPhase section */

/* Begin PBXSourcesBuildPhase section */
		40DF23671AEF958C0021935A /* Sources */ = {
			isa = PBXSourcesBuildPhase;
			buildActionMask = 2147483647;
			files = (
				408F6B3F1AF7C5B6003655D4 /* APIBrain.swift in Sources */,
				40DF23761AEF958C0021935A /* ViewController.swift in Sources */,
				405AD36C1AF91E9600B0AF17 /* ProductDetailViewController.swift in Sources */,
				408F6B411AF8D580003655D4 /* SearchViewController.swift in Sources */,
				400E14001AF13091003AD486 /* FeaturedTableViewController.swift in Sources */,
				400E14031AF232F2003AD486 /* ProductTableViewCell.swift in Sources */,
				40DF23711AEF958C0021935A /* AppDelegate.swift in Sources */,
				40DF23741AEF958C0021935A /* PersonalShopper.xcdatamodeld in Sources */,
				400E14061AF23570003AD486 /* Product.swift in Sources */,
			);
			runOnlyForDeploymentPostprocessing = 0;
		};
		40DF237F1AEF958D0021935A /* Sources */ = {
			isa = PBXSourcesBuildPhase;
			buildActionMask = 2147483647;
			files = (
				40DF238A1AEF958D0021935A /* PersonalShopperTests.swift in Sources */,
			);
			runOnlyForDeploymentPostprocessing = 0;
		};
/* End PBXSourcesBuildPhase section */

/* Begin PBXTargetDependency section */
		40DF23851AEF958D0021935A /* PBXTargetDependency */ = {
			isa = PBXTargetDependency;
			target = 40DF236A1AEF958C0021935A /* PersonalShopper */;
			targetProxy = 40DF23841AEF958D0021935A /* PBXContainerItemProxy */;
		};
/* End PBXTargetDependency section */

/* Begin PBXVariantGroup section */
		40DF23771AEF958C0021935A /* Main.storyboard */ = {
			isa = PBXVariantGroup;
			children = (
				40DF23781AEF958C0021935A /* Base */,
			);
			name = Main.storyboard;
			sourceTree = "<group>";
		};
		40DF237C1AEF958C0021935A /* LaunchScreen.xib */ = {
			isa = PBXVariantGroup;
			children = (
				40DF237D1AEF958C0021935A /* Base */,
			);
			name = LaunchScreen.xib;
			sourceTree = "<group>";
		};
/* End PBXVariantGroup section */

/* Begin XCBuildConfiguration section */
		40DF238B1AEF958D0021935A /* Debug */ = {
			isa = XCBuildConfiguration;
			buildSettings = {
				ALWAYS_SEARCH_USER_PATHS = NO;
				CLANG_CXX_LANGUAGE_STANDARD = "gnu++0x";
				CLANG_CXX_LIBRARY = "libc++";
				CLANG_ENABLE_MODULES = YES;
				CLANG_ENABLE_OBJC_ARC = YES;
				CLANG_WARN_BOOL_CONVERSION = YES;
				CLANG_WARN_CONSTANT_CONVERSION = YES;
				CLANG_WARN_DIRECT_OBJC_ISA_USAGE = YES_ERROR;
				CLANG_WARN_EMPTY_BODY = YES;
				CLANG_WARN_ENUM_CONVERSION = YES;
				CLANG_WARN_INT_CONVERSION = YES;
				CLANG_WARN_OBJC_ROOT_CLASS = YES_ERROR;
				CLANG_WARN_UNREACHABLE_CODE = YES;
				CLANG_WARN__DUPLICATE_METHOD_MATCH = YES;
				"CODE_SIGN_IDENTITY[sdk=iphoneos*]" = "iPhone Developer";
				COPY_PHASE_STRIP = NO;
				ENABLE_STRICT_OBJC_MSGSEND = YES;
				GCC_C_LANGUAGE_STANDARD = gnu99;
				GCC_DYNAMIC_NO_PIC = NO;
				GCC_OPTIMIZATION_LEVEL = 0;
				GCC_PREPROCESSOR_DEFINITIONS = (
					"DEBUG=1",
					"$(inherited)",
				);
				GCC_SYMBOLS_PRIVATE_EXTERN = NO;
				GCC_WARN_64_TO_32_BIT_CONVERSION = YES;
				GCC_WARN_ABOUT_RETURN_TYPE = YES_ERROR;
				GCC_WARN_UNDECLARED_SELECTOR = YES;
				GCC_WARN_UNINITIALIZED_AUTOS = YES_AGGRESSIVE;
				GCC_WARN_UNUSED_FUNCTION = YES;
				GCC_WARN_UNUSED_VARIABLE = YES;
				IPHONEOS_DEPLOYMENT_TARGET = 8.2;
				MTL_ENABLE_DEBUG_INFO = YES;
				ONLY_ACTIVE_ARCH = YES;
				SDKROOT = iphoneos;
				SWIFT_OPTIMIZATION_LEVEL = "-Onone";
			};
			name = Debug;
		};
		40DF238C1AEF958D0021935A /* Release */ = {
			isa = XCBuildConfiguration;
			buildSettings = {
				ALWAYS_SEARCH_USER_PATHS = NO;
				CLANG_CXX_LANGUAGE_STANDARD = "gnu++0x";
				CLANG_CXX_LIBRARY = "libc++";
				CLANG_ENABLE_MODULES = YES;
				CLANG_ENABLE_OBJC_ARC = YES;
				CLANG_WARN_BOOL_CONVERSION = YES;
				CLANG_WARN_CONSTANT_CONVERSION = YES;
				CLANG_WARN_DIRECT_OBJC_ISA_USAGE = YES_ERROR;
				CLANG_WARN_EMPTY_BODY = YES;
				CLANG_WARN_ENUM_CONVERSION = YES;
				CLANG_WARN_INT_CONVERSION = YES;
				CLANG_WARN_OBJC_ROOT_CLASS = YES_ERROR;
				CLANG_WARN_UNREACHABLE_CODE = YES;
				CLANG_WARN__DUPLICATE_METHOD_MATCH = YES;
				"CODE_SIGN_IDENTITY[sdk=iphoneos*]" = "iPhone Developer";
				COPY_PHASE_STRIP = NO;
				ENABLE_NS_ASSERTIONS = NO;
				ENABLE_STRICT_OBJC_MSGSEND = YES;
				GCC_C_LANGUAGE_STANDARD = gnu99;
				GCC_WARN_64_TO_32_BIT_CONVERSION = YES;
				GCC_WARN_ABOUT_RETURN_TYPE = YES_ERROR;
				GCC_WARN_UNDECLARED_SELECTOR = YES;
				GCC_WARN_UNINITIALIZED_AUTOS = YES_AGGRESSIVE;
				GCC_WARN_UNUSED_FUNCTION = YES;
				GCC_WARN_UNUSED_VARIABLE = YES;
				IPHONEOS_DEPLOYMENT_TARGET = 8.2;
				MTL_ENABLE_DEBUG_INFO = NO;
				SDKROOT = iphoneos;
				VALIDATE_PRODUCT = YES;
			};
			name = Release;
		};
		40DF238E1AEF958D0021935A /* Debug */ = {
			isa = XCBuildConfiguration;
			baseConfigurationReference = 3BEE219C50D43CBE9C161D63 /* Pods.debug.xcconfig */;
			buildSettings = {
				ASSETCATALOG_COMPILER_APPICON_NAME = AppIcon;
				EMBEDDED_CONTENT_CONTAINS_SWIFT = YES;
				INFOPLIST_FILE = PersonalShopper/Info.plist;
				LD_RUNPATH_SEARCH_PATHS = "$(inherited) @executable_path/Frameworks";
				PRODUCT_NAME = "$(TARGET_NAME)";
			};
			name = Debug;
		};
		40DF238F1AEF958D0021935A /* Release */ = {
			isa = XCBuildConfiguration;
			baseConfigurationReference = B7F59C614E0B204E25159BF4 /* Pods.release.xcconfig */;
			buildSettings = {
				ASSETCATALOG_COMPILER_APPICON_NAME = AppIcon;
				EMBEDDED_CONTENT_CONTAINS_SWIFT = YES;
				INFOPLIST_FILE = PersonalShopper/Info.plist;
				LD_RUNPATH_SEARCH_PATHS = "$(inherited) @executable_path/Frameworks";
				PRODUCT_NAME = "$(TARGET_NAME)";
			};
			name = Release;
		};
		40DF23911AEF958D0021935A /* Debug */ = {
			isa = XCBuildConfiguration;
			buildSettings = {
				BUNDLE_LOADER = "$(TEST_HOST)";
				FRAMEWORK_SEARCH_PATHS = (
					"$(SDKROOT)/Developer/Library/Frameworks",
					"$(inherited)",
				);
				GCC_PREPROCESSOR_DEFINITIONS = (
					"DEBUG=1",
					"$(inherited)",
				);
				INFOPLIST_FILE = PersonalShopperTests/Info.plist;
				LD_RUNPATH_SEARCH_PATHS = "$(inherited) @executable_path/Frameworks @loader_path/Frameworks";
				PRODUCT_NAME = "$(TARGET_NAME)";
				TEST_HOST = "$(BUILT_PRODUCTS_DIR)/PersonalShopper.app/PersonalShopper";
			};
			name = Debug;
		};
		40DF23921AEF958D0021935A /* Release */ = {
			isa = XCBuildConfiguration;
			buildSettings = {
				BUNDLE_LOADER = "$(TEST_HOST)";
				FRAMEWORK_SEARCH_PATHS = (
					"$(SDKROOT)/Developer/Library/Frameworks",
					"$(inherited)",
				);
				INFOPLIST_FILE = PersonalShopperTests/Info.plist;
				LD_RUNPATH_SEARCH_PATHS = "$(inherited) @executable_path/Frameworks @loader_path/Frameworks";
				PRODUCT_NAME = "$(TARGET_NAME)";
				TEST_HOST = "$(BUILT_PRODUCTS_DIR)/PersonalShopper.app/PersonalShopper";
			};
			name = Release;
		};
/* End XCBuildConfiguration section */

/* Begin XCConfigurationList section */
		40DF23661AEF958C0021935A /* Build configuration list for PBXProject "PersonalShopper" */ = {
			isa = XCConfigurationList;
			buildConfigurations = (
				40DF238B1AEF958D0021935A /* Debug */,
				40DF238C1AEF958D0021935A /* Release */,
			);
			defaultConfigurationIsVisible = 0;
			defaultConfigurationName = Release;
		};
		40DF238D1AEF958D0021935A /* Build configuration list for PBXNativeTarget "PersonalShopper" */ = {
			isa = XCConfigurationList;
			buildConfigurations = (
				40DF238E1AEF958D0021935A /* Debug */,
				40DF238F1AEF958D0021935A /* Release */,
			);
			defaultConfigurationIsVisible = 0;
			defaultConfigurationName = Release;
		};
		40DF23901AEF958D0021935A /* Build configuration list for PBXNativeTarget "PersonalShopperTests" */ = {
			isa = XCConfigurationList;
			buildConfigurations = (
				40DF23911AEF958D0021935A /* Debug */,
				40DF23921AEF958D0021935A /* Release */,
			);
			defaultConfigurationIsVisible = 0;
			defaultConfigurationName = Release;
		};
/* End XCConfigurationList section */

/* Begin XCVersionGroup section */
		40DF23721AEF958C0021935A /* PersonalShopper.xcdatamodeld */ = {
			isa = XCVersionGroup;
			children = (
				40DF23731AEF958C0021935A /* PersonalShopper.xcdatamodel */,
			);
			currentVersion = 40DF23731AEF958C0021935A /* PersonalShopper.xcdatamodel */;
			path = PersonalShopper.xcdatamodeld;
			sourceTree = "<group>";
			versionGroupType = wrapper.xcdatamodel;
		};
/* End XCVersionGroup section */
	};
	rootObject = 40DF23631AEF958C0021935A /* Project object */;
}
